
Microsoft Visual Studio Solution File, Format Version 12.00
# Visual Studio Version 17
VisualStudioVersion = 17.3.32825.248
MinimumVisualStudioVersion = 10.0.40219.1
Project("{FAE04EC0-301F-11D3-BF4B-00C04F79EFBC}") = "ProjAssignment", "ProjAssignment\ProjAssignment.csproj", "{09DCE1CD-B753-476C-982E-0BEFE8BA4AA1}"
EndProject
Global
	GlobalSection(SolutionConfigurationPlatforms) = preSolution
		Debug|Any CPU = Debug|Any CPU
		Release|Any CPU = Release|Any CPU
	EndGlobalSection
	GlobalSection(ProjectConfigurationPlatforms) = postSolution
		{09DCE1CD-B753-476C-982E-0BEFE8BA4AA1}.Debug|Any CPU.ActiveCfg = Debug|Any CPU
		{09DCE1CD-B753-476C-982E-0BEFE8BA4AA1}.Debug|Any CPU.Build.0 = Debug|Any CPU
		{09DCE1CD-B753-476C-982E-0BEFE8BA4AA1}.Release|Any CPU.ActiveCfg = Release|Any CPU
		{09DCE1CD-B753-476C-982E-0BEFE8BA4AA1}.Release|Any CPU.Build.0 = Release|Any CPU
	EndGlobalSection
	GlobalSection(SolutionProperties) = preSolution
		HideSolutionNode = FALSE
	EndGlobalSection
	GlobalSection(ExtensibilityGlobals) = postSolution
		SolutionGuid = {B858B00B-269C-4D5C-9D4D-000BDBC5A98F}
	EndGlobalSection
EndGlobal
